
Microsoft Visual Studio Solution File, Format Version 11.00
# Visual C# Express 2010
Project("{FAE04EC0-301F-11D3-BF4B-00C04F79EFBC}") = "XCOMCore", "XCOMCore\XCOMCore.csproj", "{63723CBA-29CC-4577-B1AD-CDE08D4856D0}"
EndProject
Project("{FAE04EC0-301F-11D3-BF4B-00C04F79EFBC}") = "XCOM2012", "XCOM2012\XCOM2012.csproj", "{18C03BD0-9C58-468E-BA3D-BBA30EADF102}"
EndProject
Project("{FAE04EC0-301F-11D3-BF4B-00C04F79EFBC}") = "XCOM2014", "XCOM2014\XCOM2014.csproj", "{F2D55CE8-EA9C-42E0-8330-4202FB73C66C}"
EndProject
Global
	GlobalSection(SolutionConfigurationPlatforms) = preSolution
		Debug|Any CPU = Debug|Any CPU
		Release|Any CPU = Release|Any CPU
	EndGlobalSection
	GlobalSection(ProjectConfigurationPlatforms) = postSolution
		{63723CBA-29CC-4577-B1AD-CDE08D4856D0}.Debug|Any CPU.ActiveCfg = Debug|Any CPU
		{63723CBA-29CC-4577-B1AD-CDE08D4856D0}.Debug|Any CPU.Build.0 = Debug|Any CPU
		{63723CBA-29CC-4577-B1AD-CDE08D4856D0}.Release|Any CPU.ActiveCfg = Release|Any CPU
		{63723CBA-29CC-4577-B1AD-CDE08D4856D0}.Release|Any CPU.Build.0 = Release|Any CPU
		{18C03BD0-9C58-468E-BA3D-BBA30EADF102}.Debug|Any CPU.ActiveCfg = Debug|Any CPU
		{18C03BD0-9C58-468E-BA3D-BBA30EADF102}.Debug|Any CPU.Build.0 = Debug|Any CPU
		{18C03BD0-9C58-468E-BA3D-BBA30EADF102}.Release|Any CPU.ActiveCfg = Release|Any CPU
		{18C03BD0-9C58-468E-BA3D-BBA30EADF102}.Release|Any CPU.Build.0 = Release|Any CPU
		{F2D55CE8-EA9C-42E0-8330-4202FB73C66C}.Debug|Any CPU.ActiveCfg = Debug|Any CPU
		{F2D55CE8-EA9C-42E0-8330-4202FB73C66C}.Debug|Any CPU.Build.0 = Debug|Any CPU
		{F2D55CE8-EA9C-42E0-8330-4202FB73C66C}.Release|Any CPU.ActiveCfg = Release|Any CPU
		{F2D55CE8-EA9C-42E0-8330-4202FB73C66C}.Release|Any CPU.Build.0 = Release|Any CPU
	EndGlobalSection
	GlobalSection(SolutionProperties) = preSolution
		HideSolutionNode = FALSE
	EndGlobalSection
EndGlobal
