
Microsoft Visual Studio Solution File, Format Version 11.00
# Visual C# Express 2010
Project("{FAE04EC0-301F-11D3-BF4B-00C04F79EFBC}") = "XCOM", "XCOM\XCOM.csproj", "{63723CBA-29CC-4577-B1AD-CDE08D4856D0}"
EndProject
Project("{FAE04EC0-301F-11D3-BF4B-00C04F79EFBC}") = "CoordinateLabel", "CoordinateLabel\CoordinateLabel.csproj", "{E0AC6268-5466-475A-A325-F94AC00273EF}"
EndProject
Project("{FAE04EC0-301F-11D3-BF4B-00C04F79EFBC}") = "DrawingUtility", "DrawingUtility\DrawingUtility.csproj", "{239DE4A8-E0C9-446C-ACC0-324DFC5B0585}"
EndProject
Project("{FAE04EC0-301F-11D3-BF4B-00C04F79EFBC}") = "LevelLabel", "LevelLabel\LevelLabel.csproj", "{63AF0A11-3725-4BE7-B9FE-CCAF3C553DAD}"
EndProject
Project("{FAE04EC0-301F-11D3-BF4B-00C04F79EFBC}") = "RebarPosCommands", "RebarPosCommands\RebarPosCommands.csproj", "{CAC7E4D1-71A4-4C05-BAC1-34201C067CF9}"
EndProject
Global
	GlobalSection(SolutionConfigurationPlatforms) = preSolution
		Debug|Any CPU = Debug|Any CPU
		Release|Any CPU = Release|Any CPU
	EndGlobalSection
	GlobalSection(ProjectConfigurationPlatforms) = postSolution
		{63723CBA-29CC-4577-B1AD-CDE08D4856D0}.Debug|Any CPU.ActiveCfg = Debug|Any CPU
		{63723CBA-29CC-4577-B1AD-CDE08D4856D0}.Debug|Any CPU.Build.0 = Debug|Any CPU
		{63723CBA-29CC-4577-B1AD-CDE08D4856D0}.Release|Any CPU.ActiveCfg = Release|Any CPU
		{63723CBA-29CC-4577-B1AD-CDE08D4856D0}.Release|Any CPU.Build.0 = Release|Any CPU
		{E0AC6268-5466-475A-A325-F94AC00273EF}.Debug|Any CPU.ActiveCfg = Debug|Any CPU
		{E0AC6268-5466-475A-A325-F94AC00273EF}.Debug|Any CPU.Build.0 = Debug|Any CPU
		{E0AC6268-5466-475A-A325-F94AC00273EF}.Release|Any CPU.ActiveCfg = Release|Any CPU
		{E0AC6268-5466-475A-A325-F94AC00273EF}.Release|Any CPU.Build.0 = Release|Any CPU
		{239DE4A8-E0C9-446C-ACC0-324DFC5B0585}.Debug|Any CPU.ActiveCfg = Debug|Any CPU
		{239DE4A8-E0C9-446C-ACC0-324DFC5B0585}.Debug|Any CPU.Build.0 = Debug|Any CPU
		{239DE4A8-E0C9-446C-ACC0-324DFC5B0585}.Release|Any CPU.ActiveCfg = Release|Any CPU
		{239DE4A8-E0C9-446C-ACC0-324DFC5B0585}.Release|Any CPU.Build.0 = Release|Any CPU
		{63AF0A11-3725-4BE7-B9FE-CCAF3C553DAD}.Debug|Any CPU.ActiveCfg = Debug|Any CPU
		{63AF0A11-3725-4BE7-B9FE-CCAF3C553DAD}.Debug|Any CPU.Build.0 = Debug|Any CPU
		{63AF0A11-3725-4BE7-B9FE-CCAF3C553DAD}.Release|Any CPU.ActiveCfg = Release|Any CPU
		{63AF0A11-3725-4BE7-B9FE-CCAF3C553DAD}.Release|Any CPU.Build.0 = Release|Any CPU
		{CAC7E4D1-71A4-4C05-BAC1-34201C067CF9}.Debug|Any CPU.ActiveCfg = Debug|Any CPU
		{CAC7E4D1-71A4-4C05-BAC1-34201C067CF9}.Debug|Any CPU.Build.0 = Debug|Any CPU
		{CAC7E4D1-71A4-4C05-BAC1-34201C067CF9}.Release|Any CPU.ActiveCfg = Release|Any CPU
		{CAC7E4D1-71A4-4C05-BAC1-34201C067CF9}.Release|Any CPU.Build.0 = Release|Any CPU
	EndGlobalSection
	GlobalSection(SolutionProperties) = preSolution
		HideSolutionNode = FALSE
	EndGlobalSection
EndGlobal
